
Microsoft Visual Studio Solution File, Format Version 12.00
# Visual Studio 15
VisualStudioVersion = 15.0.26730.12
MinimumVisualStudioVersion = 10.0.40219.1
Project("{FAE04EC0-301F-11D3-BF4B-00C04F79EFBC}") = "InventoryCoreVisualStudio", "InventoryCoreVisualStudio\InventoryCoreVisualStudio.csproj", "{D70C2627-6DB1-4CDA-9ED9-D74355C740CE}"
EndProject
Global
	GlobalSection(SolutionConfigurationPlatforms) = preSolution
		Debug|Any CPU = Debug|Any CPU
		Release|Any CPU = Release|Any CPU
	EndGlobalSection
	GlobalSection(ProjectConfigurationPlatforms) = postSolution
		{D70C2627-6DB1-4CDA-9ED9-D74355C740CE}.Debug|Any CPU.ActiveCfg = Debug|Any CPU
		{D70C2627-6DB1-4CDA-9ED9-D74355C740CE}.Debug|Any CPU.Build.0 = Debug|Any CPU
		{D70C2627-6DB1-4CDA-9ED9-D74355C740CE}.Release|Any CPU.ActiveCfg = Release|Any CPU
		{D70C2627-6DB1-4CDA-9ED9-D74355C740CE}.Release|Any CPU.Build.0 = Release|Any CPU
	EndGlobalSection
	GlobalSection(SolutionProperties) = preSolution
		HideSolutionNode = FALSE
	EndGlobalSection
	GlobalSection(ExtensibilityGlobals) = postSolution
		SolutionGuid = {5C520C9B-C059-447D-A593-53BE095EB5CE}
	EndGlobalSection
EndGlobal
